
Microsoft Visual Studio Solution File, Format Version 12.00
# Visual Studio Version 16
VisualStudioVersion = 16.0.30413.136
MinimumVisualStudioVersion = 10.0.40219.1
Project("{8BC9CEB8-8B4A-11D0-8D11-00A0C91BC942}") = "homework_02", "homework02\homework02.vcxproj", "{BD62D1C8-DF22-4E23-A88C-C60F992B1C75}"
EndProject
Project("{8BC9CEB8-8B4A-11D0-8D11-00A0C91BC942}") = "homework_01", "homework_01\homework_01.vcxproj", "{5475C4D0-2164-4A4A-861A-AC7C9081FBF2}"
EndProject
Project("{8BC9CEB8-8B4A-11D0-8D11-00A0C91BC942}") = "week4_homework_01", "week4_homework_01\week4_homework_01.vcxproj", "{9766BFD1-F127-4C31-99ED-A00304610E38}"
EndProject
Project("{8BC9CEB8-8B4A-11D0-8D11-00A0C91BC942}") = "week4_homework_02", "week4_homework_02\week4_homework_02.vcxproj", "{E0ED60A2-5B62-4A91-883E-8133254EA35C}"
EndProject
Global
	GlobalSection(SolutionConfigurationPlatforms) = preSolution
		Debug|x64 = Debug|x64
		Debug|x86 = Debug|x86
		Release|x64 = Release|x64
		Release|x86 = Release|x86
	EndGlobalSection
	GlobalSection(ProjectConfigurationPlatforms) = postSolution
		{BD62D1C8-DF22-4E23-A88C-C60F992B1C75}.Debug|x64.ActiveCfg = Debug|x64
		{BD62D1C8-DF22-4E23-A88C-C60F992B1C75}.Debug|x64.Build.0 = Debug|x64
		{BD62D1C8-DF22-4E23-A88C-C60F992B1C75}.Debug|x86.ActiveCfg = Debug|Win32
		{BD62D1C8-DF22-4E23-A88C-C60F992B1C75}.Debug|x86.Build.0 = Debug|Win32
		{BD62D1C8-DF22-4E23-A88C-C60F992B1C75}.Release|x64.ActiveCfg = Release|x64
		{BD62D1C8-DF22-4E23-A88C-C60F992B1C75}.Release|x64.Build.0 = Release|x64
		{BD62D1C8-DF22-4E23-A88C-C60F992B1C75}.Release|x86.ActiveCfg = Release|Win32
		{BD62D1C8-DF22-4E23-A88C-C60F992B1C75}.Release|x86.Build.0 = Release|Win32
		{5475C4D0-2164-4A4A-861A-AC7C9081FBF2}.Debug|x64.ActiveCfg = Debug|x64
		{5475C4D0-2164-4A4A-861A-AC7C9081FBF2}.Debug|x64.Build.0 = Debug|x64
		{5475C4D0-2164-4A4A-861A-AC7C9081FBF2}.Debug|x86.ActiveCfg = Debug|Win32
		{5475C4D0-2164-4A4A-861A-AC7C9081FBF2}.Debug|x86.Build.0 = Debug|Win32
		{5475C4D0-2164-4A4A-861A-AC7C9081FBF2}.Release|x64.ActiveCfg = Release|x64
		{5475C4D0-2164-4A4A-861A-AC7C9081FBF2}.Release|x64.Build.0 = Release|x64
		{5475C4D0-2164-4A4A-861A-AC7C9081FBF2}.Release|x86.ActiveCfg = Release|Win32
		{5475C4D0-2164-4A4A-861A-AC7C9081FBF2}.Release|x86.Build.0 = Release|Win32
		{9766BFD1-F127-4C31-99ED-A00304610E38}.Debug|x64.ActiveCfg = Debug|x64
		{9766BFD1-F127-4C31-99ED-A00304610E38}.Debug|x64.Build.0 = Debug|x64
		{9766BFD1-F127-4C31-99ED-A00304610E38}.Debug|x86.ActiveCfg = Debug|Win32
		{9766BFD1-F127-4C31-99ED-A00304610E38}.Debug|x86.Build.0 = Debug|Win32
		{9766BFD1-F127-4C31-99ED-A00304610E38}.Release|x64.ActiveCfg = Release|x64
		{9766BFD1-F127-4C31-99ED-A00304610E38}.Release|x64.Build.0 = Release|x64
		{9766BFD1-F127-4C31-99ED-A00304610E38}.Release|x86.ActiveCfg = Release|Win32
		{9766BFD1-F127-4C31-99ED-A00304610E38}.Release|x86.Build.0 = Release|Win32
		{E0ED60A2-5B62-4A91-883E-8133254EA35C}.Debug|x64.ActiveCfg = Debug|x64
		{E0ED60A2-5B62-4A91-883E-8133254EA35C}.Debug|x64.Build.0 = Debug|x64
		{E0ED60A2-5B62-4A91-883E-8133254EA35C}.Debug|x86.ActiveCfg = Debug|Win32
		{E0ED60A2-5B62-4A91-883E-8133254EA35C}.Debug|x86.Build.0 = Debug|Win32
		{E0ED60A2-5B62-4A91-883E-8133254EA35C}.Release|x64.ActiveCfg = Release|x64
		{E0ED60A2-5B62-4A91-883E-8133254EA35C}.Release|x64.Build.0 = Release|x64
		{E0ED60A2-5B62-4A91-883E-8133254EA35C}.Release|x86.ActiveCfg = Release|Win32
		{E0ED60A2-5B62-4A91-883E-8133254EA35C}.Release|x86.Build.0 = Release|Win32
	EndGlobalSection
	GlobalSection(SolutionProperties) = preSolution
		HideSolutionNode = FALSE
	EndGlobalSection
	GlobalSection(ExtensibilityGlobals) = postSolution
		SolutionGuid = {35F9CF3D-4B57-4A25-9F03-8450E6106E72}
	EndGlobalSection
EndGlobal
