
Microsoft Visual Studio Solution File, Format Version 12.00
# Visual Studio Version 16
VisualStudioVersion = 16.0.30413.136
MinimumVisualStudioVersion = 10.0.40219.1
Project("{8BC9CEB8-8B4A-11D0-8D11-00A0C91BC942}") = "homework01", "homework01\homework01.vcxproj", "{60118D7B-3895-49BA-B437-A593927044DC}"
EndProject
Project("{8BC9CEB8-8B4A-11D0-8D11-00A0C91BC942}") = "homework02", "homework02\homework02.vcxproj", "{2274EC9A-5920-4892-AC82-84F1D552EA7D}"
EndProject
Global
	GlobalSection(SolutionConfigurationPlatforms) = preSolution
		Debug|x64 = Debug|x64
		Debug|x86 = Debug|x86
		Release|x64 = Release|x64
		Release|x86 = Release|x86
	EndGlobalSection
	GlobalSection(ProjectConfigurationPlatforms) = postSolution
		{60118D7B-3895-49BA-B437-A593927044DC}.Debug|x64.ActiveCfg = Debug|x64
		{60118D7B-3895-49BA-B437-A593927044DC}.Debug|x64.Build.0 = Debug|x64
		{60118D7B-3895-49BA-B437-A593927044DC}.Debug|x86.ActiveCfg = Debug|Win32
		{60118D7B-3895-49BA-B437-A593927044DC}.Debug|x86.Build.0 = Debug|Win32
		{60118D7B-3895-49BA-B437-A593927044DC}.Release|x64.ActiveCfg = Release|x64
		{60118D7B-3895-49BA-B437-A593927044DC}.Release|x64.Build.0 = Release|x64
		{60118D7B-3895-49BA-B437-A593927044DC}.Release|x86.ActiveCfg = Release|Win32
		{60118D7B-3895-49BA-B437-A593927044DC}.Release|x86.Build.0 = Release|Win32
		{2274EC9A-5920-4892-AC82-84F1D552EA7D}.Debug|x64.ActiveCfg = Debug|x64
		{2274EC9A-5920-4892-AC82-84F1D552EA7D}.Debug|x64.Build.0 = Debug|x64
		{2274EC9A-5920-4892-AC82-84F1D552EA7D}.Debug|x86.ActiveCfg = Debug|Win32
		{2274EC9A-5920-4892-AC82-84F1D552EA7D}.Debug|x86.Build.0 = Debug|Win32
		{2274EC9A-5920-4892-AC82-84F1D552EA7D}.Release|x64.ActiveCfg = Release|x64
		{2274EC9A-5920-4892-AC82-84F1D552EA7D}.Release|x64.Build.0 = Release|x64
		{2274EC9A-5920-4892-AC82-84F1D552EA7D}.Release|x86.ActiveCfg = Release|Win32
		{2274EC9A-5920-4892-AC82-84F1D552EA7D}.Release|x86.Build.0 = Release|Win32
	EndGlobalSection
	GlobalSection(SolutionProperties) = preSolution
		HideSolutionNode = FALSE
	EndGlobalSection
	GlobalSection(ExtensibilityGlobals) = postSolution
		SolutionGuid = {FF3CF2D3-F84E-4643-A794-DCCD9A60D57A}
	EndGlobalSection
EndGlobal
