
Microsoft Visual Studio Solution File, Format Version 12.00
# Visual Studio Version 16
VisualStudioVersion = 16.0.30413.136
MinimumVisualStudioVersion = 10.0.40219.1
Project("{8BC9CEB8-8B4A-11D0-8D11-00A0C91BC942}") = "homework02_1", "homework02_1\homework02_1.vcxproj", "{90EDC0D0-249E-4599-9200-B6040D3866AF}"
EndProject
Project("{8BC9CEB8-8B4A-11D0-8D11-00A0C91BC942}") = "homework01", "homework01\homework01.vcxproj", "{731C83EC-790F-44A6-B3F8-C393AF02BD2D}"
EndProject
Project("{8BC9CEB8-8B4A-11D0-8D11-00A0C91BC942}") = "homework02_2", "homework02_2\homework02_2.vcxproj", "{ED5A8871-E554-4BAB-8962-F3AEE3A95CDD}"
EndProject
Global
	GlobalSection(SolutionConfigurationPlatforms) = preSolution
		Debug|x64 = Debug|x64
		Debug|x86 = Debug|x86
		Release|x64 = Release|x64
		Release|x86 = Release|x86
	EndGlobalSection
	GlobalSection(ProjectConfigurationPlatforms) = postSolution
		{90EDC0D0-249E-4599-9200-B6040D3866AF}.Debug|x64.ActiveCfg = Debug|x64
		{90EDC0D0-249E-4599-9200-B6040D3866AF}.Debug|x64.Build.0 = Debug|x64
		{90EDC0D0-249E-4599-9200-B6040D3866AF}.Debug|x86.ActiveCfg = Debug|Win32
		{90EDC0D0-249E-4599-9200-B6040D3866AF}.Debug|x86.Build.0 = Debug|Win32
		{90EDC0D0-249E-4599-9200-B6040D3866AF}.Release|x64.ActiveCfg = Release|x64
		{90EDC0D0-249E-4599-9200-B6040D3866AF}.Release|x64.Build.0 = Release|x64
		{90EDC0D0-249E-4599-9200-B6040D3866AF}.Release|x86.ActiveCfg = Release|Win32
		{90EDC0D0-249E-4599-9200-B6040D3866AF}.Release|x86.Build.0 = Release|Win32
		{731C83EC-790F-44A6-B3F8-C393AF02BD2D}.Debug|x64.ActiveCfg = Debug|x64
		{731C83EC-790F-44A6-B3F8-C393AF02BD2D}.Debug|x64.Build.0 = Debug|x64
		{731C83EC-790F-44A6-B3F8-C393AF02BD2D}.Debug|x86.ActiveCfg = Debug|Win32
		{731C83EC-790F-44A6-B3F8-C393AF02BD2D}.Debug|x86.Build.0 = Debug|Win32
		{731C83EC-790F-44A6-B3F8-C393AF02BD2D}.Release|x64.ActiveCfg = Release|x64
		{731C83EC-790F-44A6-B3F8-C393AF02BD2D}.Release|x64.Build.0 = Release|x64
		{731C83EC-790F-44A6-B3F8-C393AF02BD2D}.Release|x86.ActiveCfg = Release|Win32
		{731C83EC-790F-44A6-B3F8-C393AF02BD2D}.Release|x86.Build.0 = Release|Win32
		{ED5A8871-E554-4BAB-8962-F3AEE3A95CDD}.Debug|x64.ActiveCfg = Debug|x64
		{ED5A8871-E554-4BAB-8962-F3AEE3A95CDD}.Debug|x64.Build.0 = Debug|x64
		{ED5A8871-E554-4BAB-8962-F3AEE3A95CDD}.Debug|x86.ActiveCfg = Debug|Win32
		{ED5A8871-E554-4BAB-8962-F3AEE3A95CDD}.Debug|x86.Build.0 = Debug|Win32
		{ED5A8871-E554-4BAB-8962-F3AEE3A95CDD}.Release|x64.ActiveCfg = Release|x64
		{ED5A8871-E554-4BAB-8962-F3AEE3A95CDD}.Release|x64.Build.0 = Release|x64
		{ED5A8871-E554-4BAB-8962-F3AEE3A95CDD}.Release|x86.ActiveCfg = Release|Win32
		{ED5A8871-E554-4BAB-8962-F3AEE3A95CDD}.Release|x86.Build.0 = Release|Win32
	EndGlobalSection
	GlobalSection(SolutionProperties) = preSolution
		HideSolutionNode = FALSE
	EndGlobalSection
	GlobalSection(ExtensibilityGlobals) = postSolution
		SolutionGuid = {BDD6B199-A20E-494E-8016-25857918F7D8}
	EndGlobalSection
EndGlobal
